{
  "name": "cypress-lambda",
  "version": "1.0.0",
  "lockfileVersion": 1,
  "requires": true,
  "dependencies": {
    "ansi-regex": {
      "version": "5.0.1",
      "resolved": "https://registry.npmjs.org/ansi-regex/-/ansi-regex-5.0.1.tgz",
      "integrity": "sha512-quJQXlTSUGL2LH9SUXo8VwsY4soanhgo6LNSm84E1LBcE8s3O0wpdiRzyR9z/ZZJMlMWv37qOOb9pdJlMUEKFQ=="
    },
    "ansi-styles": {
      "version": "4.3.0",
      "resolved": "https://registry.npmjs.org/ansi-styles/-/ansi-styles-4.3.0.tgz",
      "integrity": "sha512-zbB9rCJAT1rbjiVDb2hqKFHNYLxgtk8NURxZ3IZwD3F6NtxbXZQCnnSi1Lkx+IDohdPlFp222wVALIheZJQSEg==",
      "requires": {
        "color-convert": "^2.0.1"
      }
    },
    "browser-stdout": {
      "version": "1.3.1",
      "resolved": "https://registry.npmjs.org/browser-stdout/-/browser-stdout-1.3.1.tgz",
      "integrity": "sha512-qhAVI1+Av2X7qelOfAIYwXONood6XlZE/fXaBSmW/T5SzLAmCgzi+eiWE7fUvbHaeNBQH13UftjpXxsfLkMpgw=="
    },
    "color-convert": {
      "version": "2.0.1",
      "resolved": "https://registry.npmjs.org/color-convert/-/color-convert-2.0.1.tgz",
      "integrity": "sha512-RRECPsj7iu/xb5oKYcsFHSppFNnsj/52OVTRKb4zP5onXwVF3zVmmToNcOfGC+CRDpfK/U584fMg38ZHCaElKQ==",
      "requires": {
        "color-name": "~1.1.4"
      }
    },
    "color-name": {
      "version": "1.1.4",
      "resolved": "https://registry.npmjs.org/color-name/-/color-name-1.1.4.tgz",
      "integrity": "sha512-dOy+3AuW3a2wNbZHIuMZpTcgjGuLU/uBL/ubcZF9OXbDo8ff4O8yVp5Bf0efS8uEoYo5q4Fx7dY9OgQGXgAsQA=="
    },
    "cypress": {
      "version": "3.1.5",
      "resolved": "https://registry.npmjs.org/cypress/-/cypress-3.1.5.tgz",
      "integrity": "sha512-jzYGKJqU1CHoNocPndinf/vbG28SeU+hg+4qhousT/HDBMJxYgjecXOmSgBX/ga9/TakhqSrIrSP2r6gW/OLtg=="
    },
    "debug": {
      "version": "3.1.0",
      "resolved": "https://registry.npmjs.org/debug/-/debug-3.1.0.tgz",
      "integrity": "sha512-OX8XqP7/1a9cqkxYw2yXss15f26NKWBpDXQd0/uK/KPqdQhxbPa994hnzjcE2VqQpDslf55723cKPUOGSmMY3g=="
    },
    "diff": {
      "version": "3.5.0",
      "resolved": "https://registry.npmjs.org/diff/-/diff-3.5.0.tgz",
      "integrity": "sha512-A46qtFgd+g7pDZinpnwiRJtxbC1hpgf0uzP3iG89scHk0AUC7A1TGxf5OiiOUv/JMZR8GOt8hL900hV0bOy5xA=="
    },
    "emoji-regex": {
      "version": "8.0.0",
      "resolved": "https://registry.npmjs.org/emoji-regex/-/emoji-regex-8.0.0.tgz",
      "integrity": "sha512-MSjYzcWNOA0ewAHpz0MxpYFvwg6yjy1NG3xteoqz644VCo/RPgnr1/GGt+ic3iJTzQ8Eu3TdM14SawnVUmGE6A=="
    },
    "escalade": {
      "version": "3.1.1",
      "resolved": "https://registry.npmjs.org/escalade/-/escalade-3.1.1.tgz",
      "integrity": "sha512-k0er2gUkLf8O0zKJiAhmkTnJlTvINGv7ygDNPbeIsX/TJjGJZHuh9B2UxbsaEkmlEo9MfhrSzmhIlhRlI2GXnw=="
    },
    "escape-html": {
      "version": "1.0.3",
      "resolved": "https://registry.npmjs.org/escape-html/-/escape-html-1.0.3.tgz",
      "integrity": "sha512-NiSupZ4OeuGwr68lGIeym/ksIZMJodUGOSCZ/FSnTxcrekbvqrgdUxlJOMpijaKZVjAJrWrGs/6Jy8OMuyj9ow=="
    },
    "escape-string-regexp": {
      "version": "1.0.5",
      "resolved": "https://registry.npmjs.org/escape-string-regexp/-/escape-string-regexp-1.0.5.tgz",
      "integrity": "sha1-G2HAViGQqN/2rjuyzwIAyhMLhtQ="
    },
    "fs-extra": {
      "version": "10.1.0",
      "resolved": "https://registry.npmjs.org/fs-extra/-/fs-extra-10.1.0.tgz",
      "integrity": "sha512-oRXApq54ETRj4eMiFzGnHWGy+zo5raudjuxN0b8H7s/RU2oW0Wvsx9O0ACRN/kRq9E8Vu/ReskGB5o3ji+FzHQ==",
      "requires": {
        "graceful-fs": "^4.2.0",
        "jsonfile": "^6.0.1",
        "universalify": "^2.0.0"
      }
    },
    "glob": {
      "version": "7.1.2",
      "resolved": "https://registry.npmjs.org/glob/-/glob-7.1.2.tgz",
      "integrity": "sha512-MJTUg1kjuLeQCJ+ccE4Vpa6kKVXkPYJ2mOCQyUuKLcLQsdrMCpBPUi8qVE6+YuaJkozeA9NusTAw3hLr8Xe5EQ=="
    },
    "graceful-fs": {
      "version": "4.2.10",
      "resolved": "https://registry.npmjs.org/graceful-fs/-/graceful-fs-4.2.10.tgz",
      "integrity": "sha512-9ByhssR2fPVsNZj478qUUbKfmL0+t5BDVyjShtyZZLiK7ZDAArFFfopyOTj0M05wE2tJPisA4iTnnXl2YoPvOA=="
    },
    "growl": {
      "version": "1.10.5",
      "resolved": "https://registry.npmjs.org/growl/-/growl-1.10.5.tgz",
      "integrity": "sha512-qBr4OuELkhPenW6goKVXiv47US3clb3/IbuWF9KNKEijAy9oeHxU9IgzjvJhHkUzhaj7rOUD7+YGWqUjLp5oSA=="
    },
    "has-flag": {
      "version": "3.0.0",
      "resolved": "https://registry.npmjs.org/has-flag/-/has-flag-3.0.0.tgz",
      "integrity": "sha1-tdRU3CGZriJWmfNGfloH87lVuv0="
    },
    "he": {
      "version": "1.1.1",
      "resolved": "https://registry.npmjs.org/he/-/he-1.1.1.tgz",
      "integrity": "sha1-k0EP0hsAlzUVH4howvJx80J+I/0="
    },
    "is-fullwidth-code-point": {
      "version": "3.0.0",
      "resolved": "https://registry.npmjs.org/is-fullwidth-code-point/-/is-fullwidth-code-point-3.0.0.tgz",
      "integrity": "sha512-zymm5+u+sCsSWyD9qNaejV3DFvhCKclKdizYaJUuHA83RLjb7nSuGnddCHGv0hk+KY7BMAlsWeK4Ueg6EV6XQg=="
    },
    "js-tokens": {
      "version": "4.0.0",
      "resolved": "https://registry.npmjs.org/js-tokens/-/js-tokens-4.0.0.tgz",
      "integrity": "sha512-RdJUflcE3cUzKiMqQgsCu06FPu9UdIJO0beYbPhHN4k6apgJtifcoCtT9bcxOpYBtpD2kCM6Sbzg4CausW/PKQ=="
    },
    "json-stringify-safe": {
      "version": "5.0.1",
      "resolved": "https://registry.npmjs.org/json-stringify-safe/-/json-stringify-safe-5.0.1.tgz",
      "integrity": "sha1-Epai1Y/UXxmg9s4B1lcB4sc1tus="
    },
    "jsonfile": {
      "version": "6.1.0",
      "resolved": "https://registry.npmjs.org/jsonfile/-/jsonfile-6.1.0.tgz",
      "integrity": "sha512-5dgndWOriYSm5cnYaJNhalLNDKOqFwyDB/rr1E9ZsGciGvKPs8R2xYGCacuf3z6K1YKDz182fd+fY3cn3pMqXQ==",
      "requires": {
        "graceful-fs": "^4.1.6",
        "universalify": "^2.0.0"
      }
    },
    "lodash.isempty": {
      "version": "4.4.0",
      "resolved": "https://registry.npmjs.org/lodash.isempty/-/lodash.isempty-4.4.0.tgz",
      "integrity": "sha512-oKMuF3xEeqDltrGMfDxAPGIVMSSRv8tbRSODbrs4KGsRRLEhrW8N8Rd4DRgB2+621hY8A8XwwrTVhXWpxFvMzg=="
    },
    "lodash.isfunction": {
      "version": "3.0.9",
      "resolved": "https://registry.npmjs.org/lodash.isfunction/-/lodash.isfunction-3.0.9.tgz",
      "integrity": "sha512-AirXNj15uRIMMPihnkInB4i3NHeb4iBtNg9WRWuK2o31S+ePwwNmDPaTL3o7dTJ+VXNZim7rFs4rxN4YU1oUJw=="
    },
    "lodash.isobject": {
      "version": "3.0.2",
      "resolved": "https://registry.npmjs.org/lodash.isobject/-/lodash.isobject-3.0.2.tgz",
      "integrity": "sha512-3/Qptq2vr7WeJbB4KHUSKlq8Pl7ASXi3UG6CMbBm8WRtXi8+GHm7mKaU3urfpSEzWe2wCIChs6/sdocUsTKJiA=="
    },
    "lodash.isstring": {
      "version": "4.0.1",
      "resolved": "https://registry.npmjs.org/lodash.isstring/-/lodash.isstring-4.0.1.tgz",
      "integrity": "sha512-0wJxfxH1wgO3GrbuP+dTTk7op+6L41QCXbGINEmD+ny/G/eCqGzxyCsh7159S+mgDDcoarnBw6PC1PS5+wUGgw=="
    },
    "loose-envify": {
      "version": "1.4.0",
      "resolved": "https://registry.npmjs.org/loose-envify/-/loose-envify-1.4.0.tgz",
      "integrity": "sha512-lyuxPGr/Wfhrlem2CL/UcnUc1zcqKAImBDzukY7Y5F/yQiNdko6+fRLevlw1HgMySw7f611UIY408EtxRSoK3Q==",
      "requires": {
        "js-tokens": "^3.0.0 || ^4.0.0"
      }
    },
    "minimatch": {
      "version": "3.0.4",
      "resolved": "https://registry.npmjs.org/minimatch/-/minimatch-3.0.4.tgz",
      "integrity": "sha512-yJHVQEhyqPLUTgt9B83PXu6W3rx4MvvHvSUvToogpwoGDOUQ+yDrR0HRot+yOCdCO7u4hX3pWft6kWBBcqh0UA=="
    },
    "mkdirp": {
      "version": "0.5.1",
      "resolved": "https://registry.npmjs.org/mkdirp/-/mkdirp-0.5.1.tgz",
      "integrity": "sha1-MAV0OOrGz3+MR2fzhkjWaX11yQM=",
      "dependencies": {
        "minimist": {
          "version": "0.0.8",
          "resolved": "https://registry.npmjs.org/minimist/-/minimist-0.0.8.tgz",
          "integrity": "sha1-hX/Kv8M5fSYluCKCYuhqp6ARsF0="
        }
      }
    },
    "mocha": {
      "version": "5.2.0",
      "resolved": "https://registry.npmjs.org/mocha/-/mocha-5.2.0.tgz",
      "integrity": "sha512-2IUgKDhc3J7Uug+FxMXuqIyYzH7gJjXECKe/w43IGgQHTSj3InJi+yAA7T24L9bQMRKiUEHxEX37G5JpVUGLcQ==",
      "requires": {
        "browser-stdout": "1.3.1",
        "commander": "2.15.1",
        "debug": "3.1.0",
        "diff": "3.5.0",
        "escape-string-regexp": "1.0.5",
        "glob": "7.1.2",
        "growl": "1.10.5",
        "he": "1.1.1",
        "minimatch": "3.0.4",
        "mkdirp": "0.5.1",
        "supports-color": "5.4.0"
      },
      "dependencies": {
        "commander": {
          "version": "2.15.1",
          "resolved": "https://registry.npmjs.org/commander/-/commander-2.15.1.tgz",
          "integrity": "sha512-VlfT9F3V0v+jr4yxPc5gg9s62/fIVWsd2Bk2iD435um1NlGMYdVCq+MjcXnhYq2icNOizHr1kK+5TI6H0Hy0ag=="
        },
        "supports-color": {
          "version": "5.4.0",
          "resolved": "https://registry.npmjs.org/supports-color/-/supports-color-5.4.0.tgz",
          "integrity": "sha512-zjaXglF5nnWpsq470jSv6P9DwPvgLkuapYmfDm3JWOm0vkNTVF2tI4UrN2r6jH1qM/uc/WtxYY1hYoA2dOKj5w==",
          "requires": {
            "has-flag": "^3.0.0"
          }
        }
      }
    },
    "mochawesome": {
      "version": "7.0.0",
      "resolved": "https://registry.npmjs.org/mochawesome/-/mochawesome-7.0.0.tgz",
      "integrity": "sha512-z2deUXNmiGLfRfKKqV1dlAjUVuNL1uEs0hlgnrTjK8qtwH0DpTN4v00V5Tv6qaVyQ7t2sggs5ATuvpuPeB02ig==",
      "requires": {
        "chalk": "^4.1.2",
        "diff": "^5.0.0",
        "json-stringify-safe": "^5.0.1",
        "lodash.isempty": "^4.4.0",
        "lodash.isfunction": "^3.0.9",
        "lodash.isobject": "^3.0.2",
        "lodash.isstring": "^4.0.1",
        "mochawesome-report-generator": "^6.0.0",
        "strip-ansi": "^6.0.1",
        "uuid": "^8.3.2"
      },
      "dependencies": {
        "chalk": {
          "version": "4.1.2",
          "resolved": "https://registry.npmjs.org/chalk/-/chalk-4.1.2.tgz",
          "integrity": "sha512-oKnbhFyRIXpUuez8iBMmyEa4nbj4IOQyuhc/wy9kY7/WVPcwIO9VA668Pu8RkO7+0G76SLROeyw9CpQ061i4mA==",
          "requires": {
            "ansi-styles": "^4.1.0",
            "supports-color": "^7.1.0"
          }
        },
        "diff": {
          "version": "5.1.0",
          "resolved": "https://registry.npmjs.org/diff/-/diff-5.1.0.tgz",
          "integrity": "sha512-D+mk+qE8VC/PAUrlAU34N+VfXev0ghe5ywmpqrawphmVZc1bEfn56uo9qpyGp1p4xpzOHkSW4ztBd6L7Xx4ACw=="
        },
        "strip-ansi": {
          "version": "6.0.1",
          "resolved": "https://registry.npmjs.org/strip-ansi/-/strip-ansi-6.0.1.tgz",
          "integrity": "sha512-Y38VPSHcqkFrCpFnQ9vuSXmquuv5oXOKpGeT6aGrr3o3Gc9AlVa6JBfUSOCnbxGGZF+/0ooI7KrPuUSztUdU5A==",
          "requires": {
            "ansi-regex": "^5.0.1"
          }
        },
        "uuid": {
          "version": "8.3.2",
          "resolved": "https://registry.npmjs.org/uuid/-/uuid-8.3.2.tgz",
          "integrity": "sha512-+NYs2QeMWy+GWFOEm9xnn6HCDp0l7QBD7ml8zLUmJ+93Q5NF0NocErnwkTkXVFNiX3/fpC6afS8Dhb/gz7R7eg=="
        }
      }
    },
    "mochawesome-report-generator": {
      "version": "6.0.0",
      "resolved": "https://registry.npmjs.org/mochawesome-report-generator/-/mochawesome-report-generator-6.0.0.tgz",
      "integrity": "sha512-UURYesvIxOUmHUVihS/8/X8xlyrE0N9TnMWSqGTz1q4751OLjo1ZTHuxIPbviq5ajj98nHeJ5SdIyEa3CsZ5CQ==",
      "requires": {
        "chalk": "^4.1.2",
        "dateformat": "^4.5.1",
        "escape-html": "^1.0.3",
        "fs-extra": "^10.0.0",
        "fsu": "^2.0.2",
        "lodash.isfunction": "^3.0.9",
        "opener": "^1.5.2",
        "prop-types": "^15.7.2",
        "tcomb": "^3.2.17",
        "tcomb-validation": "^3.3.0",
        "validator": "^13.6.0",
        "yargs": "^17.2.1"
      },
      "dependencies": {
        "chalk": {
          "version": "4.1.2",
          "resolved": "https://registry.npmjs.org/chalk/-/chalk-4.1.2.tgz",
          "integrity": "sha512-oKnbhFyRIXpUuez8iBMmyEa4nbj4IOQyuhc/wy9kY7/WVPcwIO9VA668Pu8RkO7+0G76SLROeyw9CpQ061i4mA==",
          "requires": {
            "ansi-styles": "^4.1.0",
            "supports-color": "^7.1.0"
          }
        },
        "cliui": {
          "version": "7.0.4",
          "resolved": "https://registry.npmjs.org/cliui/-/cliui-7.0.4.tgz",
          "integrity": "sha512-OcRE68cOsVMXp1Yvonl/fzkQOyjLSu/8bhPDfQt0e0/Eb283TKP20Fs2MqoPsr9SwA595rRCA+QMzYc9nBP+JQ==",
          "requires": {
            "string-width": "^4.2.0",
            "strip-ansi": "^6.0.0",
            "wrap-ansi": "^7.0.0"
          }
        },
        "dateformat": {
          "version": "4.6.3",
          "resolved": "https://registry.npmjs.org/dateformat/-/dateformat-4.6.3.tgz",
          "integrity": "sha512-2P0p0pFGzHS5EMnhdxQi7aJN+iMheud0UhG4dlE1DLAlvL8JHjJJTX/CSm4JXwV0Ka5nGk3zC5mcb5bUQUxxMA=="
        },
        "fsu": {
          "version": "2.0.2",
          "resolved": "https://registry.npmjs.org/fsu/-/fsu-2.0.2.tgz",
          "integrity": "sha512-9QFQhf3rIhwLFdds/g1iSTdghVGFGsAscPIqISCpyanCG8s+OLKKEvrZkYcr28ATcofhAaoFgnaLW+JU80qpzA=="
        },
        "get-caller-file": {
          "version": "2.0.5",
          "resolved": "https://registry.npmjs.org/get-caller-file/-/get-caller-file-2.0.5.tgz",
          "integrity": "sha512-DyFP3BM/3YHTQOCUL/w0OZHR0lpKeGrxotcHWcqNEdnltqFwXVfhEBQ94eIo34AfQpo0rGki4cyIiftY06h2Fg=="
        },
        "opener": {
          "version": "1.5.2",
          "resolved": "https://registry.npmjs.org/opener/-/opener-1.5.2.tgz",
          "integrity": "sha512-ur5UIdyw5Y7yEj9wLzhqXiy6GZ3Mwx0yGI+5sMn2r0N0v3cKJvUmFH5yPP+WXh9e0xfyzyJX95D8l088DNFj7A=="
        },
        "string-width": {
          "version": "4.2.3",
          "resolved": "https://registry.npmjs.org/string-width/-/string-width-4.2.3.tgz",
          "integrity": "sha512-wKyQRQpjJ0sIp62ErSZdGsjMJWsap5oRNihHhu6G7JVO/9jIB6UyevL+tXuOqrng8j/cxKTWyWUwvSTriiZz/g==",
          "requires": {
            "emoji-regex": "^8.0.0",
            "is-fullwidth-code-point": "^3.0.0",
            "strip-ansi": "^6.0.1"
          }
        },
        "strip-ansi": {
          "version": "6.0.1",
          "resolved": "https://registry.npmjs.org/strip-ansi/-/strip-ansi-6.0.1.tgz",
          "integrity": "sha512-Y38VPSHcqkFrCpFnQ9vuSXmquuv5oXOKpGeT6aGrr3o3Gc9AlVa6JBfUSOCnbxGGZF+/0ooI7KrPuUSztUdU5A==",
          "requires": {
            "ansi-regex": "^5.0.1"
          }
        },
        "wrap-ansi": {
          "version": "7.0.0",
          "resolved": "https://registry.npmjs.org/wrap-ansi/-/wrap-ansi-7.0.0.tgz",
          "integrity": "sha512-YVGIj2kamLSTxw6NsZjoBxfSwsn0ycdesmc4p+Q21c5zPuZ1pl+NfxVdxPtdHvmNVOQ6XSYG4AUtyt/Fi7D16Q==",
          "requires": {
            "ansi-styles": "^4.0.0",
            "string-width": "^4.1.0",
            "strip-ansi": "^6.0.0"
          }
        },
        "y18n": {
          "version": "5.0.8",
          "resolved": "https://registry.npmjs.org/y18n/-/y18n-5.0.8.tgz",
          "integrity": "sha512-0pfFzegeDWJHJIAmTLRP2DwHjdF5s7jo9tuztdQxAhINCdvS+3nGINqPd00AphqJR/0LhANUS6/+7SCb98YOfA=="
        },
        "yargs": {
          "version": "17.5.1",
          "resolved": "https://registry.npmjs.org/yargs/-/yargs-17.5.1.tgz",
          "integrity": "sha512-t6YAJcxDkNX7NFYiVtKvWUz8l+PaKTLiL63mJYWR2GnHq2gjEWISzsLp9wg3aY36dY1j+gfIEL3pIF+XlJJfbA==",
          "requires": {
            "cliui": "^7.0.2",
            "escalade": "^3.1.1",
            "get-caller-file": "^2.0.5",
            "require-directory": "^2.1.1",
            "string-width": "^4.2.3",
            "y18n": "^5.0.5",
            "yargs-parser": "^21.0.0"
          }
        },
        "yargs-parser": {
          "version": "21.0.1",
          "resolved": "https://registry.npmjs.org/yargs-parser/-/yargs-parser-21.0.1.tgz",
          "integrity": "sha512-9BK1jFpLzJROCI5TzwZL/TU4gqjK5xiHV/RfWLOahrjAko/e4DJkRDZQXfvqAsiZzzYhgAzbgz6lg48jcm4GLg=="
        }
      }
    },
    "object-assign": {
      "version": "4.1.1",
      "resolved": "https://registry.npmjs.org/object-assign/-/object-assign-4.1.1.tgz",
      "integrity": "sha1-IQmtx5ZYh8/AXLvUQsrIv7s2CGM="
    },
    "prop-types": {
      "version": "15.7.2",
      "resolved": "https://registry.npmjs.org/prop-types/-/prop-types-15.7.2.tgz",
      "integrity": "sha512-8QQikdH7//R2vurIJSutZ1smHYTcLpRWEOlHnzcWHmBYrOGUysKwSsrC89BCiFj3CbrfJ/nXFdJepOVrY1GCHQ==",
      "requires": {
        "loose-envify": "^1.4.0",
        "object-assign": "^4.1.1",
        "react-is": "^16.8.1"
      }
    },
    "react-is": {
      "version": "16.8.6",
      "resolved": "https://registry.npmjs.org/react-is/-/react-is-16.8.6.tgz",
      "integrity": "sha512-aUk3bHfZ2bRSVFFbbeVS4i+lNPZr3/WM5jT2J5omUVV1zzcs1nAaf3l51ctA5FFvCRbhrH0bdAsRRQddFJZPtA=="
    },
    "require-directory": {
      "version": "2.1.1",
      "resolved": "https://registry.npmjs.org/require-directory/-/require-directory-2.1.1.tgz",
      "integrity": "sha1-jGStX9MNqxyXbiNE/+f3kqam30I="
    },
    "supports-color": {
      "version": "7.2.0",
      "resolved": "https://registry.npmjs.org/supports-color/-/supports-color-7.2.0.tgz",
      "integrity": "sha512-qpCAvRl9stuOHveKsn7HncJRvv501qIacKzQlO/+Lwxc9+0q2wLyv4Dfvt80/DPn2pqOBsJdDiogXGR9+OvwRw==",
      "requires": {
        "has-flag": "^4.0.0"
      },
      "dependencies": {
        "has-flag": {
          "version": "4.0.0",
          "resolved": "https://registry.npmjs.org/has-flag/-/has-flag-4.0.0.tgz",
          "integrity": "sha512-EykJT/Q1KjTWctppgIAgfSO0tKVuZUjhgMr17kqTumMl6Afv3EISleU7qZUzoXDFTAHTDC4NOoG/ZxU3EvlMPQ=="
        }
      }
    },
    "tcomb": {
      "version": "3.2.29",
      "resolved": "https://registry.npmjs.org/tcomb/-/tcomb-3.2.29.tgz",
      "integrity": "sha512-di2Hd1DB2Zfw6StGv861JoAF5h/uQVu/QJp2g8KVbtfKnoHdBQl5M32YWq6mnSYBQ1vFFrns5B1haWJL7rKaOQ=="
    },
    "tcomb-validation": {
      "version": "3.4.1",
      "resolved": "https://registry.npmjs.org/tcomb-validation/-/tcomb-validation-3.4.1.tgz",
      "integrity": "sha512-urVVMQOma4RXwiVCa2nM2eqrAomHROHvWPuj6UkDGz/eb5kcy0x6P0dVt6kzpUZtYMNoAqJLWmz1BPtxrtjtrA==",
      "requires": {
        "tcomb": "^3.0.0"
      }
    },
    "universalify": {
      "version": "2.0.0",
      "resolved": "https://registry.npmjs.org/universalify/-/universalify-2.0.0.tgz",
      "integrity": "sha512-hAZsKq7Yy11Zu1DE0OzWjw7nnLZmJZYTDZZyEFHZdUhV8FkH5MCfoU1XMaxXovpyW5nq5scPqq0ZDP9Zyl04oQ=="
    },
    "validator": {
      "version": "13.7.0",
      "resolved": "https://registry.npmjs.org/validator/-/validator-13.7.0.tgz",
      "integrity": "sha512-nYXQLCBkpJ8X6ltALua9dRrZDHVYxjJ1wgskNt1lH9fzGjs3tgojGSCBjmEPwkWS1y29+DrizMTW19Pr9uB2nw=="
    }
  }
}
